
Microsoft Visual Studio Solution File, Format Version 12.00
# Visual Studio Version 16
VisualStudioVersion = 16.0.29613.14
MinimumVisualStudioVersion = 10.0.40219.1
Project("{9A19103F-16F7-4668-BE54-9A1E7A4F7556}") = "Flusher.Server", "Flusher.Server\Flusher.Server.csproj", "{65EE40DF-1F9C-4189-8791-1218059AF1C1}"
EndProject
Project("{9A19103F-16F7-4668-BE54-9A1E7A4F7556}") = "Flusher.Common", "Flusher.Common\Flusher.Common.csproj", "{24BABA1E-DA3C-4B6B-A9FB-EE1FF5643634}"
EndProject
Global
	GlobalSection(SolutionConfigurationPlatforms) = preSolution
		Debug|Any CPU = Debug|Any CPU
		Release|Any CPU = Release|Any CPU
	EndGlobalSection
	GlobalSection(ProjectConfigurationPlatforms) = postSolution
		{65EE40DF-1F9C-4189-8791-1218059AF1C1}.Debug|Any CPU.ActiveCfg = Debug|Any CPU
		{65EE40DF-1F9C-4189-8791-1218059AF1C1}.Debug|Any CPU.Build.0 = Debug|Any CPU
		{65EE40DF-1F9C-4189-8791-1218059AF1C1}.Release|Any CPU.ActiveCfg = Release|Any CPU
		{65EE40DF-1F9C-4189-8791-1218059AF1C1}.Release|Any CPU.Build.0 = Release|Any CPU
		{24BABA1E-DA3C-4B6B-A9FB-EE1FF5643634}.Debug|Any CPU.ActiveCfg = Debug|Any CPU
		{24BABA1E-DA3C-4B6B-A9FB-EE1FF5643634}.Debug|Any CPU.Build.0 = Debug|Any CPU
		{24BABA1E-DA3C-4B6B-A9FB-EE1FF5643634}.Release|Any CPU.ActiveCfg = Release|Any CPU
		{24BABA1E-DA3C-4B6B-A9FB-EE1FF5643634}.Release|Any CPU.Build.0 = Release|Any CPU
	EndGlobalSection
	GlobalSection(SolutionProperties) = preSolution
		HideSolutionNode = FALSE
	EndGlobalSection
EndGlobal
